<?xml version="1.0" encoding="utf-8"?>
<Project ToolsVersion="4.0" xmlns="http://schemas.microsoft.com/developer/msbuild/2003">
  <ItemGroup>
    <ClCompile Include="console.cpp">
      <Filter>Source Files</Filter>
    </ClCompile>
    <ClCompile Include="MainMenu.cpp">
      <Filter>Source Files</Filter>
    </ClCompile>
    <ClCompile Include="StudentAccess.cpp">
      <Filter>Source Files</Filter>
    </ClCompile>
  </ItemGroup>
  <ItemGroup>
    <ClInclude Include="Header.h">
      <Filter>Header Files</Filter>
    </ClInclude>
    <ClInclude Include="console.h">
      <Filter>Header Files</Filter>
    </ClInclude>
  </ItemGroup>
  <ItemGroup>
    <Text Include="2018.txt">
      <Filter>Resource Files</Filter>
    </Text>
    <Text Include="2019.txt">
      <Filter>Resource Files</Filter>
    </Text>
    <Text Include="2020.txt">
      <Filter>Resource Files</Filter>
    </Text>
    <Text Include="2021.txt">
      <Filter>Resource Files</Filter>
    </Text>
    <Text Include="admin.txt">
      <Filter>Resource Files</Filter>
    </Text>
    <Text Include="input.txt">
      <Filter>Resource Files</Filter>
    </Text>
    <Text Include="danh sach mon DKHP.txt">
      <Filter>Resource Files</Filter>
    </Text>
    <Text Include="DATA_AD.txt">
      <Filter>Resource Files</Filter>
    </Text>
    <Text Include="DATA_STU.txt">
      <Filter>Resource Files</Filter>
    </Text>
    <Text Include="hocki1-2020.txt">
      <Filter>Resource Files</Filter>
    </Text>
    <Text Include="hocki2-2020.txt">
      <Filter>Resource Files</Filter>
    </Text>
    <Text Include="KTLT.txt">
      <Filter>Resource Files</Filter>
    </Text>
    <Text Include="TKB.txt">
      <Filter>Resource Files</Filter>
    </Text>
  </ItemGroup>
  <ItemGroup>
    <Filter Include="Header Files">
      <UniqueIdentifier>{7afa7d89-48d6-4bfc-b179-9846c91c0c66}</UniqueIdentifier>
    </Filter>
    <Filter Include="Source Files">
      <UniqueIdentifier>{da069fec-6dfc-4cab-8ab0-490e3af44ad0}</UniqueIdentifier>
    </Filter>
    <Filter Include="Resource Files">
      <UniqueIdentifier>{ff42c8b1-fc55-40db-a1b9-6cc57deed20e}</UniqueIdentifier>
    </Filter>
  </ItemGroup>
  <ItemGroup>
    <None Include="test.csv">
      <Filter>Resource Files</Filter>
    </None>
    <None Include="20CTT3.csv">
      <Filter>Resource Files</Filter>
    </None>
    <None Include="KTLTScore.csv">
      <Filter>Resource Files</Filter>
    </None>
    <None Include="student2.csv">
      <Filter>Resource Files</Filter>
    </None>
  </ItemGroup>
</Project>